
Microsoft Visual Studio Solution File, Format Version 12.00
# Visual Studio Version 17
VisualStudioVersion = 17.2.32616.157
MinimumVisualStudioVersion = 10.0.40219.1
Project("{FAE04EC0-301F-11D3-BF4B-00C04F79EFBC}") = "Recursion", "lettercombinations\Recursion.csproj", "{864FFC5A-60AF-4BC2-B150-436F8EB546A9}"
EndProject
Global
	GlobalSection(SolutionConfigurationPlatforms) = preSolution
		Debug|Any CPU = Debug|Any CPU
		Release|Any CPU = Release|Any CPU
	EndGlobalSection
	GlobalSection(ProjectConfigurationPlatforms) = postSolution
		{864FFC5A-60AF-4BC2-B150-436F8EB546A9}.Debug|Any CPU.ActiveCfg = Debug|Any CPU
		{864FFC5A-60AF-4BC2-B150-436F8EB546A9}.Debug|Any CPU.Build.0 = Debug|Any CPU
		{864FFC5A-60AF-4BC2-B150-436F8EB546A9}.Release|Any CPU.ActiveCfg = Release|Any CPU
		{864FFC5A-60AF-4BC2-B150-436F8EB546A9}.Release|Any CPU.Build.0 = Release|Any CPU
	EndGlobalSection
	GlobalSection(SolutionProperties) = preSolution
		HideSolutionNode = FALSE
	EndGlobalSection
	GlobalSection(ExtensibilityGlobals) = postSolution
		SolutionGuid = {DF4E5D46-0B2B-45C7-B63C-2C20E5D74206}
	EndGlobalSection
EndGlobal
